// !$*UTF8*$!
{
	archiveVersion = 1;
	classes = {
	};
	objectVersion = 50;
	objects = {

/* Begin PBXBuildFile section */
		30006935A48A38DDCCF1D914 /* Pods_a_Lodjinha.framework in Frameworks */ = {isa = PBXBuildFile; fileRef = 3A121CA79960BB2A89985808 /* Pods_a_Lodjinha.framework */; };
		6631401678B7EFAAE1C337F0 /* Pods_a_LodjinhaUITests.framework in Frameworks */ = {isa = PBXBuildFile; fileRef = A401B48520CA7607931259FA /* Pods_a_LodjinhaUITests.framework */; };
		A512BBD22258F7DD00F6C4B5 /* AppDelegate.swift in Sources */ = {isa = PBXBuildFile; fileRef = A512BBD12258F7DD00F6C4B5 /* AppDelegate.swift */; };
		A512BBD42258F7DD00F6C4B5 /* HomeViewController.swift in Sources */ = {isa = PBXBuildFile; fileRef = A512BBD32258F7DD00F6C4B5 /* HomeViewController.swift */; };
		A512BBD72258F7DD00F6C4B5 /* Main.storyboard in Resources */ = {isa = PBXBuildFile; fileRef = A512BBD52258F7DD00F6C4B5 /* Main.storyboard */; };
		A512BBD92258F7E000F6C4B5 /* Assets.xcassets in Resources */ = {isa = PBXBuildFile; fileRef = A512BBD82258F7E000F6C4B5 /* Assets.xcassets */; };
		A512BBDC2258F7E000F6C4B5 /* LaunchScreen.storyboard in Resources */ = {isa = PBXBuildFile; fileRef = A512BBDA2258F7E000F6C4B5 /* LaunchScreen.storyboard */; };
		A512BBE72258F7E000F6C4B5 /* a_LodjinhaTests.swift in Sources */ = {isa = PBXBuildFile; fileRef = A512BBE62258F7E000F6C4B5 /* a_LodjinhaTests.swift */; };
		A512BBF22258F7E000F6C4B5 /* a_LodjinhaUITests.swift in Sources */ = {isa = PBXBuildFile; fileRef = A512BBF12258F7E000F6C4B5 /* a_LodjinhaUITests.swift */; };
		A5D9D5FE2258FE1D00C78B73 /* Pacifico-Regular.ttf in Resources */ = {isa = PBXBuildFile; fileRef = A5D9D5FD2258FE1200C78B73 /* Pacifico-Regular.ttf */; };
		A5D9D601225900D800C78B73 /* Banner.swift in Sources */ = {isa = PBXBuildFile; fileRef = A5D9D600225900D800C78B73 /* Banner.swift */; };
		A5D9D6052259014800C78B73 /* BaseProvider.swift in Sources */ = {isa = PBXBuildFile; fileRef = A5D9D6042259014800C78B73 /* BaseProvider.swift */; };
		A5D9D608225901EC00C78B73 /* BannerProvider.swift in Sources */ = {isa = PBXBuildFile; fileRef = A5D9D607225901EC00C78B73 /* BannerProvider.swift */; };
		A5D9D60B2259045A00C78B73 /* BannerManagerApi.swift in Sources */ = {isa = PBXBuildFile; fileRef = A5D9D60A2259045A00C78B73 /* BannerManagerApi.swift */; };
		A5D9D60D2259067400C78B73 /* BannerPageViewController.swift in Sources */ = {isa = PBXBuildFile; fileRef = A5D9D60C2259067400C78B73 /* BannerPageViewController.swift */; };
		A5D9D60F2259087D00C78B73 /* BannerViewController.swift in Sources */ = {isa = PBXBuildFile; fileRef = A5D9D60E2259087D00C78B73 /* BannerViewController.swift */; };
		A5D9D6122259094A00C78B73 /* Extension.swift in Sources */ = {isa = PBXBuildFile; fileRef = A5D9D6112259094A00C78B73 /* Extension.swift */; };
		A5D9D6142259201A00C78B73 /* CategoryViewController.swift in Sources */ = {isa = PBXBuildFile; fileRef = A5D9D6132259201A00C78B73 /* CategoryViewController.swift */; };
		A5D9D6162259223400C78B73 /* Category.swift in Sources */ = {isa = PBXBuildFile; fileRef = A5D9D6152259223400C78B73 /* Category.swift */; };
		A5D9D6182259234E00C78B73 /* CategoryManagerApi.swift in Sources */ = {isa = PBXBuildFile; fileRef = A5D9D6172259234E00C78B73 /* CategoryManagerApi.swift */; };
		A5D9D61A2259236B00C78B73 /* CategoryProvider.swift in Sources */ = {isa = PBXBuildFile; fileRef = A5D9D6192259236B00C78B73 /* CategoryProvider.swift */; };
		A5D9D61C2259257B00C78B73 /* CategoryCollectionViewCell.swift in Sources */ = {isa = PBXBuildFile; fileRef = A5D9D61B2259257B00C78B73 /* CategoryCollectionViewCell.swift */; };
		A5D9D62022592CE000C78B73 /* TopSelledViewController.swift in Sources */ = {isa = PBXBuildFile; fileRef = A5D9D61F22592CE000C78B73 /* TopSelledViewController.swift */; };
		A5D9D622225932AD00C78B73 /* TopSelledTableViewCell.swift in Sources */ = {isa = PBXBuildFile; fileRef = A5D9D621225932AD00C78B73 /* TopSelledTableViewCell.swift */; };
		A5D9D6242259344B00C78B73 /* Product.swift in Sources */ = {isa = PBXBuildFile; fileRef = A5D9D6232259344B00C78B73 /* Product.swift */; };
		A5D9D626225935EE00C78B73 /* ProductManagerApi.swift in Sources */ = {isa = PBXBuildFile; fileRef = A5D9D625225935EE00C78B73 /* ProductManagerApi.swift */; };
		A5D9D6282259364300C78B73 /* ProductProvider.swift in Sources */ = {isa = PBXBuildFile; fileRef = A5D9D6272259364300C78B73 /* ProductProvider.swift */; };
		A5D9D634225974EB00C78B73 /* CategoryTableViewController.swift in Sources */ = {isa = PBXBuildFile; fileRef = A5D9D633225974EB00C78B73 /* CategoryTableViewController.swift */; };
		A5D9D63822597D9D00C78B73 /* ProductTableViewCell.swift in Sources */ = {isa = PBXBuildFile; fileRef = A5D9D63722597D9D00C78B73 /* ProductTableViewCell.swift */; };
		A5D9D63C2259B9ED00C78B73 /* ProductsDetailsViewController.swift in Sources */ = {isa = PBXBuildFile; fileRef = A5D9D63B2259B9ED00C78B73 /* ProductsDetailsViewController.swift */; };
		F1380F524424B00BC08E3F74 /* Pods_a_LodjinhaTests.framework in Frameworks */ = {isa = PBXBuildFile; fileRef = 39EAE5FF64908B53AE1C5129 /* Pods_a_LodjinhaTests.framework */; };
/* End PBXBuildFile section */

/* Begin PBXContainerItemProxy section */
		A512BBE32258F7E000F6C4B5 /* PBXContainerItemProxy */ = {
			isa = PBXContainerItemProxy;
			containerPortal = A512BBC62258F7DD00F6C4B5 /* Project object */;
			proxyType = 1;
			remoteGlobalIDString = A512BBCD2258F7DD00F6C4B5;
			remoteInfo = "a Lodjinha";
		};
		A512BBEE2258F7E000F6C4B5 /* PBXContainerItemProxy */ = {
			isa = PBXContainerItemProxy;
			containerPortal = A512BBC62258F7DD00F6C4B5 /* Project object */;
			proxyType = 1;
			remoteGlobalIDString = A512BBCD2258F7DD00F6C4B5;
			remoteInfo = "a Lodjinha";
		};
/* End PBXContainerItemProxy section */

/* Begin PBXFileReference section */
		39A11E7D3A285A3E556917E3 /* Pods-a Lodjinha.debug.xcconfig */ = {isa = PBXFileReference; includeInIndex = 1; lastKnownFileType = text.xcconfig; name = "Pods-a Lodjinha.debug.xcconfig"; path = "Pods/Target Support Files/Pods-a Lodjinha/Pods-a Lodjinha.debug.xcconfig"; sourceTree = "<group>"; };
		39EAE5FF64908B53AE1C5129 /* Pods_a_LodjinhaTests.framework */ = {isa = PBXFileReference; explicitFileType = wrapper.framework; includeInIndex = 0; path = Pods_a_LodjinhaTests.framework; sourceTree = BUILT_PRODUCTS_DIR; };
		3A121CA79960BB2A89985808 /* Pods_a_Lodjinha.framework */ = {isa = PBXFileReference; explicitFileType = wrapper.framework; includeInIndex = 0; path = Pods_a_Lodjinha.framework; sourceTree = BUILT_PRODUCTS_DIR; };
		53D9AF511F4BEA7EEA5C0A95 /* Pods-a LodjinhaTests.debug.xcconfig */ = {isa = PBXFileReference; includeInIndex = 1; lastKnownFileType = text.xcconfig; name = "Pods-a LodjinhaTests.debug.xcconfig"; path = "Pods/Target Support Files/Pods-a LodjinhaTests/Pods-a LodjinhaTests.debug.xcconfig"; sourceTree = "<group>"; };
		8B95627509E6CE3963A32919 /* Pods-a Lodjinha.release.xcconfig */ = {isa = PBXFileReference; includeInIndex = 1; lastKnownFileType = text.xcconfig; name = "Pods-a Lodjinha.release.xcconfig"; path = "Pods/Target Support Files/Pods-a Lodjinha/Pods-a Lodjinha.release.xcconfig"; sourceTree = "<group>"; };
		A401B48520CA7607931259FA /* Pods_a_LodjinhaUITests.framework */ = {isa = PBXFileReference; explicitFileType = wrapper.framework; includeInIndex = 0; path = Pods_a_LodjinhaUITests.framework; sourceTree = BUILT_PRODUCTS_DIR; };
		A512BBCE2258F7DD00F6C4B5 /* a Lodjinha.app */ = {isa = PBXFileReference; explicitFileType = wrapper.application; includeInIndex = 0; path = "a Lodjinha.app"; sourceTree = BUILT_PRODUCTS_DIR; };
		A512BBD12258F7DD00F6C4B5 /* AppDelegate.swift */ = {isa = PBXFileReference; lastKnownFileType = sourcecode.swift; path = AppDelegate.swift; sourceTree = "<group>"; };
		A512BBD32258F7DD00F6C4B5 /* HomeViewController.swift */ = {isa = PBXFileReference; lastKnownFileType = sourcecode.swift; path = HomeViewController.swift; sourceTree = "<group>"; };
		A512BBD62258F7DD00F6C4B5 /* Base */ = {isa = PBXFileReference; lastKnownFileType = file.storyboard; name = Base; path = Base.lproj/Main.storyboard; sourceTree = "<group>"; };
		A512BBD82258F7E000F6C4B5 /* Assets.xcassets */ = {isa = PBXFileReference; lastKnownFileType = folder.assetcatalog; path = Assets.xcassets; sourceTree = "<group>"; };
		A512BBDB2258F7E000F6C4B5 /* Base */ = {isa = PBXFileReference; lastKnownFileType = file.storyboard; name = Base; path = Base.lproj/LaunchScreen.storyboard; sourceTree = "<group>"; };
		A512BBDD2258F7E000F6C4B5 /* Info.plist */ = {isa = PBXFileReference; lastKnownFileType = text.plist.xml; path = Info.plist; sourceTree = "<group>"; };
		A512BBE22258F7E000F6C4B5 /* a LodjinhaTests.xctest */ = {isa = PBXFileReference; explicitFileType = wrapper.cfbundle; includeInIndex = 0; path = "a LodjinhaTests.xctest"; sourceTree = BUILT_PRODUCTS_DIR; };
		A512BBE62258F7E000F6C4B5 /* a_LodjinhaTests.swift */ = {isa = PBXFileReference; lastKnownFileType = sourcecode.swift; path = a_LodjinhaTests.swift; sourceTree = "<group>"; };
		A512BBE82258F7E000F6C4B5 /* Info.plist */ = {isa = PBXFileReference; lastKnownFileType = text.plist.xml; path = Info.plist; sourceTree = "<group>"; };
		A512BBED2258F7E000F6C4B5 /* a LodjinhaUITests.xctest */ = {isa = PBXFileReference; explicitFileType = wrapper.cfbundle; includeInIndex = 0; path = "a LodjinhaUITests.xctest"; sourceTree = BUILT_PRODUCTS_DIR; };
		A512BBF12258F7E000F6C4B5 /* a_LodjinhaUITests.swift */ = {isa = PBXFileReference; lastKnownFileType = sourcecode.swift; path = a_LodjinhaUITests.swift; sourceTree = "<group>"; };
		A512BBF32258F7E000F6C4B5 /* Info.plist */ = {isa = PBXFileReference; lastKnownFileType = text.plist.xml; path = Info.plist; sourceTree = "<group>"; };
		A5D9D5FD2258FE1200C78B73 /* Pacifico-Regular.ttf */ = {isa = PBXFileReference; lastKnownFileType = file; path = "Pacifico-Regular.ttf"; sourceTree = "<group>"; };
		A5D9D600225900D800C78B73 /* Banner.swift */ = {isa = PBXFileReference; lastKnownFileType = sourcecode.swift; name = Banner.swift; path = "a Lodjinha/Home/Controller/Banner.swift"; sourceTree = SOURCE_ROOT; };
		A5D9D6042259014800C78B73 /* BaseProvider.swift */ = {isa = PBXFileReference; lastKnownFileType = sourcecode.swift; path = BaseProvider.swift; sourceTree = "<group>"; };
		A5D9D607225901EC00C78B73 /* BannerProvider.swift */ = {isa = PBXFileReference; lastKnownFileType = sourcecode.swift; path = BannerProvider.swift; sourceTree = "<group>"; };
		A5D9D60A2259045A00C78B73 /* BannerManagerApi.swift */ = {isa = PBXFileReference; lastKnownFileType = sourcecode.swift; path = BannerManagerApi.swift; sourceTree = "<group>"; };
		A5D9D60C2259067400C78B73 /* BannerPageViewController.swift */ = {isa = PBXFileReference; lastKnownFileType = sourcecode.swift; path = BannerPageViewController.swift; sourceTree = "<group>"; };
		A5D9D60E2259087D00C78B73 /* BannerViewController.swift */ = {isa = PBXFileReference; lastKnownFileType = sourcecode.swift; path = BannerViewController.swift; sourceTree = "<group>"; };
		A5D9D6112259094A00C78B73 /* Extension.swift */ = {isa = PBXFileReference; lastKnownFileType = sourcecode.swift; path = Extension.swift; sourceTree = "<group>"; };
		A5D9D6132259201A00C78B73 /* CategoryViewController.swift */ = {isa = PBXFileReference; lastKnownFileType = sourcecode.swift; path = CategoryViewController.swift; sourceTree = "<group>"; };
		A5D9D6152259223400C78B73 /* Category.swift */ = {isa = PBXFileReference; lastKnownFileType = sourcecode.swift; path = Category.swift; sourceTree = "<group>"; };
		A5D9D6172259234E00C78B73 /* CategoryManagerApi.swift */ = {isa = PBXFileReference; lastKnownFileType = sourcecode.swift; path = CategoryManagerApi.swift; sourceTree = "<group>"; };
		A5D9D6192259236B00C78B73 /* CategoryProvider.swift */ = {isa = PBXFileReference; lastKnownFileType = sourcecode.swift; path = CategoryProvider.swift; sourceTree = "<group>"; };
		A5D9D61B2259257B00C78B73 /* CategoryCollectionViewCell.swift */ = {isa = PBXFileReference; lastKnownFileType = sourcecode.swift; path = CategoryCollectionViewCell.swift; sourceTree = "<group>"; };
		A5D9D61F22592CE000C78B73 /* TopSelledViewController.swift */ = {isa = PBXFileReference; lastKnownFileType = sourcecode.swift; path = TopSelledViewController.swift; sourceTree = "<group>"; };
		A5D9D621225932AD00C78B73 /* TopSelledTableViewCell.swift */ = {isa = PBXFileReference; lastKnownFileType = sourcecode.swift; path = TopSelledTableViewCell.swift; sourceTree = "<group>"; };
		A5D9D6232259344B00C78B73 /* Product.swift */ = {isa = PBXFileReference; lastKnownFileType = sourcecode.swift; path = Product.swift; sourceTree = "<group>"; };
		A5D9D625225935EE00C78B73 /* ProductManagerApi.swift */ = {isa = PBXFileReference; lastKnownFileType = sourcecode.swift; path = ProductManagerApi.swift; sourceTree = "<group>"; };
		A5D9D6272259364300C78B73 /* ProductProvider.swift */ = {isa = PBXFileReference; lastKnownFileType = sourcecode.swift; path = ProductProvider.swift; sourceTree = "<group>"; };
		A5D9D633225974EB00C78B73 /* CategoryTableViewController.swift */ = {isa = PBXFileReference; lastKnownFileType = sourcecode.swift; path = CategoryTableViewController.swift; sourceTree = "<group>"; };
		A5D9D63722597D9D00C78B73 /* ProductTableViewCell.swift */ = {isa = PBXFileReference; lastKnownFileType = sourcecode.swift; path = ProductTableViewCell.swift; sourceTree = "<group>"; };
		A5D9D63B2259B9ED00C78B73 /* ProductsDetailsViewController.swift */ = {isa = PBXFileReference; lastKnownFileType = sourcecode.swift; path = ProductsDetailsViewController.swift; sourceTree = "<group>"; };
		A609826F0A6D140E20BE5134 /* Pods-a LodjinhaUITests.release.xcconfig */ = {isa = PBXFileReference; includeInIndex = 1; lastKnownFileType = text.xcconfig; name = "Pods-a LodjinhaUITests.release.xcconfig"; path = "Pods/Target Support Files/Pods-a LodjinhaUITests/Pods-a LodjinhaUITests.release.xcconfig"; sourceTree = "<group>"; };
		D2970EBFAD5E3DB66118F10A /* Pods-a LodjinhaTests.release.xcconfig */ = {isa = PBXFileReference; includeInIndex = 1; lastKnownFileType = text.xcconfig; name = "Pods-a LodjinhaTests.release.xcconfig"; path = "Pods/Target Support Files/Pods-a LodjinhaTests/Pods-a LodjinhaTests.release.xcconfig"; sourceTree = "<group>"; };
		E644863EB9C791A1945566E1 /* Pods-a LodjinhaUITests.debug.xcconfig */ = {isa = PBXFileReference; includeInIndex = 1; lastKnownFileType = text.xcconfig; name = "Pods-a LodjinhaUITests.debug.xcconfig"; path = "Pods/Target Support Files/Pods-a LodjinhaUITests/Pods-a LodjinhaUITests.debug.xcconfig"; sourceTree = "<group>"; };
/* End PBXFileReference section */

/* Begin PBXFrameworksBuildPhase section */
		A512BBCB2258F7DD00F6C4B5 /* Frameworks */ = {
			isa = PBXFrameworksBuildPhase;
			buildActionMask = 2147483647;
			files = (
				30006935A48A38DDCCF1D914 /* Pods_a_Lodjinha.framework in Frameworks */,
			);
			runOnlyForDeploymentPostprocessing = 0;
		};
		A512BBDF2258F7E000F6C4B5 /* Frameworks */ = {
			isa = PBXFrameworksBuildPhase;
			buildActionMask = 2147483647;
			files = (
				F1380F524424B00BC08E3F74 /* Pods_a_LodjinhaTests.framework in Frameworks */,
			);
			runOnlyForDeploymentPostprocessing = 0;
		};
		A512BBEA2258F7E000F6C4B5 /* Frameworks */ = {
			isa = PBXFrameworksBuildPhase;
			buildActionMask = 2147483647;
			files = (
				6631401678B7EFAAE1C337F0 /* Pods_a_LodjinhaUITests.framework in Frameworks */,
			);
			runOnlyForDeploymentPostprocessing = 0;
		};
/* End PBXFrameworksBuildPhase section */

/* Begin PBXGroup section */
		04B5CB11A1A79D158AFF355D /* Pods */ = {
			isa = PBXGroup;
			children = (
				39A11E7D3A285A3E556917E3 /* Pods-a Lodjinha.debug.xcconfig */,
				8B95627509E6CE3963A32919 /* Pods-a Lodjinha.release.xcconfig */,
				53D9AF511F4BEA7EEA5C0A95 /* Pods-a LodjinhaTests.debug.xcconfig */,
				D2970EBFAD5E3DB66118F10A /* Pods-a LodjinhaTests.release.xcconfig */,
				E644863EB9C791A1945566E1 /* Pods-a LodjinhaUITests.debug.xcconfig */,
				A609826F0A6D140E20BE5134 /* Pods-a LodjinhaUITests.release.xcconfig */,
			);
			name = Pods;
			sourceTree = "<group>";
		};
		6F6BC625E8BFAF85A9A0425B /* Frameworks */ = {
			isa = PBXGroup;
			children = (
				3A121CA79960BB2A89985808 /* Pods_a_Lodjinha.framework */,
				39EAE5FF64908B53AE1C5129 /* Pods_a_LodjinhaTests.framework */,
				A401B48520CA7607931259FA /* Pods_a_LodjinhaUITests.framework */,
			);
			name = Frameworks;
			sourceTree = "<group>";
		};
		A512BBC52258F7DD00F6C4B5 = {
			isa = PBXGroup;
			children = (
				A512BBD02258F7DD00F6C4B5 /* a Lodjinha */,
				A512BBE52258F7E000F6C4B5 /* a LodjinhaTests */,
				A512BBF02258F7E000F6C4B5 /* a LodjinhaUITests */,
				A512BBCF2258F7DD00F6C4B5 /* Products */,
				04B5CB11A1A79D158AFF355D /* Pods */,
				6F6BC625E8BFAF85A9A0425B /* Frameworks */,
			);
			sourceTree = "<group>";
		};
		A512BBCF2258F7DD00F6C4B5 /* Products */ = {
			isa = PBXGroup;
			children = (
				A512BBCE2258F7DD00F6C4B5 /* a Lodjinha.app */,
				A512BBE22258F7E000F6C4B5 /* a LodjinhaTests.xctest */,
				A512BBED2258F7E000F6C4B5 /* a LodjinhaUITests.xctest */,
			);
			name = Products;
			sourceTree = "<group>";
		};
		A512BBD02258F7DD00F6C4B5 /* a Lodjinha */ = {
			isa = PBXGroup;
			children = (
				A5D9D62A22594D3300C78B73 /* Storyboard */,
				A5D9D6102259093400C78B73 /* Extension */,
				A5D9D6022259012700C78B73 /* Api */,
				A5D9D5FA2258FA7900C78B73 /* Home */,
				A5D9D6322259747700C78B73 /* Category */,
				A5D9D63922599CD100C78B73 /* ProdutsDetails */,
				A512BBD12258F7DD00F6C4B5 /* AppDelegate.swift */,
				A512BBD82258F7E000F6C4B5 /* Assets.xcassets */,
				A512BBDD2258F7E000F6C4B5 /* Info.plist */,
				A5D9D5FC2258FE0200C78B73 /* Fonts */,
			);
			path = "a Lodjinha";
			sourceTree = "<group>";
		};
		A512BBE52258F7E000F6C4B5 /* a LodjinhaTests */ = {
			isa = PBXGroup;
			children = (
				A512BBE62258F7E000F6C4B5 /* a_LodjinhaTests.swift */,
				A512BBE82258F7E000F6C4B5 /* Info.plist */,
			);
			path = "a LodjinhaTests";
			sourceTree = "<group>";
		};
		A512BBF02258F7E000F6C4B5 /* a LodjinhaUITests */ = {
			isa = PBXGroup;
			children = (
				A512BBF12258F7E000F6C4B5 /* a_LodjinhaUITests.swift */,
				A512BBF32258F7E000F6C4B5 /* Info.plist */,
			);
			path = "a LodjinhaUITests";
			sourceTree = "<group>";
		};
		A5D9D5FA2258FA7900C78B73 /* Home */ = {
			isa = PBXGroup;
			children = (
				A5D9D61D2259258300C78B73 /* View */,
				A5D9D5FB2258FA8100C78B73 /* Controller */,
			);
			path = Home;
			sourceTree = "<group>";
		};
		A5D9D5FB2258FA8100C78B73 /* Controller */ = {
			isa = PBXGroup;
			children = (
				A512BBD32258F7DD00F6C4B5 /* HomeViewController.swift */,
				A5D9D60C2259067400C78B73 /* BannerPageViewController.swift */,
				A5D9D60E2259087D00C78B73 /* BannerViewController.swift */,
				A5D9D6132259201A00C78B73 /* CategoryViewController.swift */,
				A5D9D61F22592CE000C78B73 /* TopSelledViewController.swift */,
			);
			path = Controller;
			sourceTree = "<group>";
		};
		A5D9D5FC2258FE0200C78B73 /* Fonts */ = {
			isa = PBXGroup;
			children = (
				A5D9D5FD2258FE1200C78B73 /* Pacifico-Regular.ttf */,
			);
			path = Fonts;
			sourceTree = "<group>";
		};
		A5D9D5FF225900B400C78B73 /* Model */ = {
			isa = PBXGroup;
			children = (
				A5D9D600225900D800C78B73 /* Banner.swift */,
				A5D9D6152259223400C78B73 /* Category.swift */,
				A5D9D6232259344B00C78B73 /* Product.swift */,
			);
			path = Model;
			sourceTree = "<group>";
		};
		A5D9D6022259012700C78B73 /* Api */ = {
			isa = PBXGroup;
			children = (
				A5D9D5FF225900B400C78B73 /* Model */,
				A5D9D6092259043B00C78B73 /* Manager */,
				A5D9D606225901D900C78B73 /* Provider */,
				A5D9D6032259013200C78B73 /* Provider */,
			);
			path = Api;
			sourceTree = "<group>";
		};
		A5D9D6032259013200C78B73 /* Provider */ = {
			isa = PBXGroup;
			children = (
				A5D9D6042259014800C78B73 /* BaseProvider.swift */,
			);
			path = Provider;
			sourceTree = "<group>";
		};
		A5D9D606225901D900C78B73 /* Provider */ = {
			isa = PBXGroup;
			children = (
				A5D9D607225901EC00C78B73 /* BannerProvider.swift */,
				A5D9D6192259236B00C78B73 /* CategoryProvider.swift */,
				A5D9D6272259364300C78B73 /* ProductProvider.swift */,
			);
			name = Provider;
			path = ../Home/Provider;
			sourceTree = "<group>";
		};
		A5D9D6092259043B00C78B73 /* Manager */ = {
			isa = PBXGroup;
			children = (
				A5D9D60A2259045A00C78B73 /* BannerManagerApi.swift */,
				A5D9D6172259234E00C78B73 /* CategoryManagerApi.swift */,
				A5D9D625225935EE00C78B73 /* ProductManagerApi.swift */,
			);
			path = Manager;
			sourceTree = "<group>";
		};
		A5D9D6102259093400C78B73 /* Extension */ = {
			isa = PBXGroup;
			children = (
				A5D9D6112259094A00C78B73 /* Extension.swift */,
			);
			path = Extension;
			sourceTree = "<group>";
		};
		A5D9D61D2259258300C78B73 /* View */ = {
			isa = PBXGroup;
			children = (
				A5D9D61B2259257B00C78B73 /* CategoryCollectionViewCell.swift */,
				A5D9D621225932AD00C78B73 /* TopSelledTableViewCell.swift */,
			);
			path = View;
			sourceTree = "<group>";
		};
		A5D9D62A22594D3300C78B73 /* Storyboard */ = {
			isa = PBXGroup;
			children = (
				A512BBD52258F7DD00F6C4B5 /* Main.storyboard */,
				A512BBDA2258F7E000F6C4B5 /* LaunchScreen.storyboard */,
			);
			path = Storyboard;
			sourceTree = "<group>";
		};
		A5D9D6322259747700C78B73 /* Category */ = {
			isa = PBXGroup;
			children = (
				A5D9D63622597D6B00C78B73 /* View */,
				A5D9D63522597D5600C78B73 /* Controller */,
			);
			path = Category;
			sourceTree = "<group>";
		};
		A5D9D63522597D5600C78B73 /* Controller */ = {
			isa = PBXGroup;
			children = (
				A5D9D633225974EB00C78B73 /* CategoryTableViewController.swift */,
			);
			path = Controller;
			sourceTree = "<group>";
		};
		A5D9D63622597D6B00C78B73 /* View */ = {
			isa = PBXGroup;
			children = (
				A5D9D63722597D9D00C78B73 /* ProductTableViewCell.swift */,
			);
			path = View;
			sourceTree = "<group>";
		};
		A5D9D63922599CD100C78B73 /* ProdutsDetails */ = {
			isa = PBXGroup;
			children = (
				A5D9D63A22599CEE00C78B73 /* Controller */,
			);
			path = ProdutsDetails;
			sourceTree = "<group>";
		};
		A5D9D63A22599CEE00C78B73 /* Controller */ = {
			isa = PBXGroup;
			children = (
				A5D9D63B2259B9ED00C78B73 /* ProductsDetailsViewController.swift */,
			);
			path = Controller;
			sourceTree = "<group>";
		};
/* End PBXGroup section */

/* Begin PBXNativeTarget section */
		A512BBCD2258F7DD00F6C4B5 /* a Lodjinha */ = {
			isa = PBXNativeTarget;
			buildConfigurationList = A512BBF62258F7E000F6C4B5 /* Build configuration list for PBXNativeTarget "a Lodjinha" */;
			buildPhases = (
				7F20455306A1F62BE8F43F25 /* [CP] Check Pods Manifest.lock */,
				A512BBCA2258F7DD00F6C4B5 /* Sources */,
				A512BBCB2258F7DD00F6C4B5 /* Frameworks */,
				A512BBCC2258F7DD00F6C4B5 /* Resources */,
				7D972C87BD2CA1445C54E813 /* [CP] Embed Pods Frameworks */,
			);
			buildRules = (
			);
			dependencies = (
			);
			name = "a Lodjinha";
			productName = "a Lodjinha";
			productReference = A512BBCE2258F7DD00F6C4B5 /* a Lodjinha.app */;
			productType = "com.apple.product-type.application";
		};
		A512BBE12258F7E000F6C4B5 /* a LodjinhaTests */ = {
			isa = PBXNativeTarget;
			buildConfigurationList = A512BBF92258F7E000F6C4B5 /* Build configuration list for PBXNativeTarget "a LodjinhaTests" */;
			buildPhases = (
				7DB5F9AEA1AE4C319483BAD3 /* [CP] Check Pods Manifest.lock */,
				A512BBDE2258F7E000F6C4B5 /* Sources */,
				A512BBDF2258F7E000F6C4B5 /* Frameworks */,
				A512BBE02258F7E000F6C4B5 /* Resources */,
			);
			buildRules = (
			);
			dependencies = (
				A512BBE42258F7E000F6C4B5 /* PBXTargetDependency */,
			);
			name = "a LodjinhaTests";
			productName = "a LodjinhaTests";
			productReference = A512BBE22258F7E000F6C4B5 /* a LodjinhaTests.xctest */;
			productType = "com.apple.product-type.bundle.unit-test";
		};
		A512BBEC2258F7E000F6C4B5 /* a LodjinhaUITests */ = {
			isa = PBXNativeTarget;
			buildConfigurationList = A512BBFC2258F7E000F6C4B5 /* Build configuration list for PBXNativeTarget "a LodjinhaUITests" */;
			buildPhases = (
				7E29890CCC233FDD0AB6D394 /* [CP] Check Pods Manifest.lock */,
				A512BBE92258F7E000F6C4B5 /* Sources */,
				A512BBEA2258F7E000F6C4B5 /* Frameworks */,
				A512BBEB2258F7E000F6C4B5 /* Resources */,
			);
			buildRules = (
			);
			dependencies = (
				A512BBEF2258F7E000F6C4B5 /* PBXTargetDependency */,
			);
			name = "a LodjinhaUITests";
			productName = "a LodjinhaUITests";
			productReference = A512BBED2258F7E000F6C4B5 /* a LodjinhaUITests.xctest */;
			productType = "com.apple.product-type.bundle.ui-testing";
		};
/* End PBXNativeTarget section */

/* Begin PBXProject section */
		A512BBC62258F7DD00F6C4B5 /* Project object */ = {
			isa = PBXProject;
			attributes = {
				LastSwiftUpdateCheck = 1020;
				LastUpgradeCheck = 1020;
				ORGANIZATIONNAME = "Dynara Rico Oliveira";
				TargetAttributes = {
					A512BBCD2258F7DD00F6C4B5 = {
						CreatedOnToolsVersion = 10.2;
					};
					A512BBE12258F7E000F6C4B5 = {
						CreatedOnToolsVersion = 10.2;
						TestTargetID = A512BBCD2258F7DD00F6C4B5;
					};
					A512BBEC2258F7E000F6C4B5 = {
						CreatedOnToolsVersion = 10.2;
						TestTargetID = A512BBCD2258F7DD00F6C4B5;
					};
				};
			};
			buildConfigurationList = A512BBC92258F7DD00F6C4B5 /* Build configuration list for PBXProject "a Lodjinha" */;
			compatibilityVersion = "Xcode 9.3";
			developmentRegion = en;
			hasScannedForEncodings = 0;
			knownRegions = (
				en,
				Base,
			);
			mainGroup = A512BBC52258F7DD00F6C4B5;
			productRefGroup = A512BBCF2258F7DD00F6C4B5 /* Products */;
			projectDirPath = "";
			projectRoot = "";
			targets = (
				A512BBCD2258F7DD00F6C4B5 /* a Lodjinha */,
				A512BBE12258F7E000F6C4B5 /* a LodjinhaTests */,
				A512BBEC2258F7E000F6C4B5 /* a LodjinhaUITests */,
			);
		};
/* End PBXProject section */

/* Begin PBXResourcesBuildPhase section */
		A512BBCC2258F7DD00F6C4B5 /* Resources */ = {
			isa = PBXResourcesBuildPhase;
			buildActionMask = 2147483647;
			files = (
				A512BBDC2258F7E000F6C4B5 /* LaunchScreen.storyboard in Resources */,
				A5D9D5FE2258FE1D00C78B73 /* Pacifico-Regular.ttf in Resources */,
				A512BBD92258F7E000F6C4B5 /* Assets.xcassets in Resources */,
				A512BBD72258F7DD00F6C4B5 /* Main.storyboard in Resources */,
			);
			runOnlyForDeploymentPostprocessing = 0;
		};
		A512BBE02258F7E000F6C4B5 /* Resources */ = {
			isa = PBXResourcesBuildPhase;
			buildActionMask = 2147483647;
			files = (
			);
			runOnlyForDeploymentPostprocessing = 0;
		};
		A512BBEB2258F7E000F6C4B5 /* Resources */ = {
			isa = PBXResourcesBuildPhase;
			buildActionMask = 2147483647;
			files = (
			);
			runOnlyForDeploymentPostprocessing = 0;
		};
/* End PBXResourcesBuildPhase section */

/* Begin PBXShellScriptBuildPhase section */
		7D972C87BD2CA1445C54E813 /* [CP] Embed Pods Frameworks */ = {
			isa = PBXShellScriptBuildPhase;
			buildActionMask = 2147483647;
			files = (
			);
			inputPaths = (
				"${SRCROOT}/Pods/Target Support Files/Pods-a Lodjinha/Pods-a Lodjinha-frameworks.sh",
				"${BUILT_PRODUCTS_DIR}/Alamofire/Alamofire.framework",
			);
			name = "[CP] Embed Pods Frameworks";
			outputPaths = (
				"${TARGET_BUILD_DIR}/${FRAMEWORKS_FOLDER_PATH}/Alamofire.framework",
			);
			runOnlyForDeploymentPostprocessing = 0;
			shellPath = /bin/sh;
			shellScript = "\"${SRCROOT}/Pods/Target Support Files/Pods-a Lodjinha/Pods-a Lodjinha-frameworks.sh\"\n";
			showEnvVarsInLog = 0;
		};
		7DB5F9AEA1AE4C319483BAD3 /* [CP] Check Pods Manifest.lock */ = {
			isa = PBXShellScriptBuildPhase;
			buildActionMask = 2147483647;
			files = (
			);
			inputPaths = (
				"${PODS_PODFILE_DIR_PATH}/Podfile.lock",
				"${PODS_ROOT}/Manifest.lock",
			);
			name = "[CP] Check Pods Manifest.lock";
			outputPaths = (
				"$(DERIVED_FILE_DIR)/Pods-a LodjinhaTests-checkManifestLockResult.txt",
			);
			runOnlyForDeploymentPostprocessing = 0;
			shellPath = /bin/sh;
			shellScript = "diff \"${PODS_PODFILE_DIR_PATH}/Podfile.lock\" \"${PODS_ROOT}/Manifest.lock\" > /dev/null\nif [ $? != 0 ] ; then\n    # print error to STDERR\n    echo \"error: The sandbox is not in sync with the Podfile.lock. Run 'pod install' or update your CocoaPods installation.\" >&2\n    exit 1\nfi\n# This output is used by Xcode 'outputs' to avoid re-running this script phase.\necho \"SUCCESS\" > \"${SCRIPT_OUTPUT_FILE_0}\"\n";
			showEnvVarsInLog = 0;
		};
		7E29890CCC233FDD0AB6D394 /* [CP] Check Pods Manifest.lock */ = {
			isa = PBXShellScriptBuildPhase;
			buildActionMask = 2147483647;
			files = (
			);
			inputPaths = (
				"${PODS_PODFILE_DIR_PATH}/Podfile.lock",
				"${PODS_ROOT}/Manifest.lock",
			);
			name = "[CP] Check Pods Manifest.lock";
			outputPaths = (
				"$(DERIVED_FILE_DIR)/Pods-a LodjinhaUITests-checkManifestLockResult.txt",
			);
			runOnlyForDeploymentPostprocessing = 0;
			shellPath = /bin/sh;
			shellScript = "diff \"${PODS_PODFILE_DIR_PATH}/Podfile.lock\" \"${PODS_ROOT}/Manifest.lock\" > /dev/null\nif [ $? != 0 ] ; then\n    # print error to STDERR\n    echo \"error: The sandbox is not in sync with the Podfile.lock. Run 'pod install' or update your CocoaPods installation.\" >&2\n    exit 1\nfi\n# This output is used by Xcode 'outputs' to avoid re-running this script phase.\necho \"SUCCESS\" > \"${SCRIPT_OUTPUT_FILE_0}\"\n";
			showEnvVarsInLog = 0;
		};
		7F20455306A1F62BE8F43F25 /* [CP] Check Pods Manifest.lock */ = {
			isa = PBXShellScriptBuildPhase;
			buildActionMask = 2147483647;
			files = (
			);
			inputPaths = (
				"${PODS_PODFILE_DIR_PATH}/Podfile.lock",
				"${PODS_ROOT}/Manifest.lock",
			);
			name = "[CP] Check Pods Manifest.lock";
			outputPaths = (
				"$(DERIVED_FILE_DIR)/Pods-a Lodjinha-checkManifestLockResult.txt",
			);
			runOnlyForDeploymentPostprocessing = 0;
			shellPath = /bin/sh;
			shellScript = "diff \"${PODS_PODFILE_DIR_PATH}/Podfile.lock\" \"${PODS_ROOT}/Manifest.lock\" > /dev/null\nif [ $? != 0 ] ; then\n    # print error to STDERR\n    echo \"error: The sandbox is not in sync with the Podfile.lock. Run 'pod install' or update your CocoaPods installation.\" >&2\n    exit 1\nfi\n# This output is used by Xcode 'outputs' to avoid re-running this script phase.\necho \"SUCCESS\" > \"${SCRIPT_OUTPUT_FILE_0}\"\n";
			showEnvVarsInLog = 0;
		};
/* End PBXShellScriptBuildPhase section */

/* Begin PBXSourcesBuildPhase section */
		A512BBCA2258F7DD00F6C4B5 /* Sources */ = {
			isa = PBXSourcesBuildPhase;
			buildActionMask = 2147483647;
			files = (
				A5D9D6142259201A00C78B73 /* CategoryViewController.swift in Sources */,
				A5D9D6122259094A00C78B73 /* Extension.swift in Sources */,
				A5D9D63822597D9D00C78B73 /* ProductTableViewCell.swift in Sources */,
				A5D9D63C2259B9ED00C78B73 /* ProductsDetailsViewController.swift in Sources */,
				A5D9D60D2259067400C78B73 /* BannerPageViewController.swift in Sources */,
				A5D9D60B2259045A00C78B73 /* BannerManagerApi.swift in Sources */,
				A5D9D60F2259087D00C78B73 /* BannerViewController.swift in Sources */,
				A5D9D626225935EE00C78B73 /* ProductManagerApi.swift in Sources */,
				A5D9D6242259344B00C78B73 /* Product.swift in Sources */,
				A5D9D634225974EB00C78B73 /* CategoryTableViewController.swift in Sources */,
				A512BBD42258F7DD00F6C4B5 /* HomeViewController.swift in Sources */,
				A5D9D622225932AD00C78B73 /* TopSelledTableViewCell.swift in Sources */,
				A512BBD22258F7DD00F6C4B5 /* AppDelegate.swift in Sources */,
				A5D9D61A2259236B00C78B73 /* CategoryProvider.swift in Sources */,
				A5D9D608225901EC00C78B73 /* BannerProvider.swift in Sources */,
				A5D9D601225900D800C78B73 /* Banner.swift in Sources */,
				A5D9D6282259364300C78B73 /* ProductProvider.swift in Sources */,
				A5D9D62022592CE000C78B73 /* TopSelledViewController.swift in Sources */,
				A5D9D6052259014800C78B73 /* BaseProvider.swift in Sources */,
				A5D9D6182259234E00C78B73 /* CategoryManagerApi.swift in Sources */,
				A5D9D61C2259257B00C78B73 /* CategoryCollectionViewCell.swift in Sources */,
				A5D9D6162259223400C78B73 /* Category.swift in Sources */,
			);
			runOnlyForDeploymentPostprocessing = 0;
		};
		A512BBDE2258F7E000F6C4B5 /* Sources */ = {
			isa = PBXSourcesBuildPhase;
			buildActionMask = 2147483647;
			files = (
				A512BBE72258F7E000F6C4B5 /* a_LodjinhaTests.swift in Sources */,
			);
			runOnlyForDeploymentPostprocessing = 0;
		};
		A512BBE92258F7E000F6C4B5 /* Sources */ = {
			isa = PBXSourcesBuildPhase;
			buildActionMask = 2147483647;
			files = (
				A512BBF22258F7E000F6C4B5 /* a_LodjinhaUITests.swift in Sources */,
			);
			runOnlyForDeploymentPostprocessing = 0;
		};
/* End PBXSourcesBuildPhase section */

/* Begin PBXTargetDependency section */
		A512BBE42258F7E000F6C4B5 /* PBXTargetDependency */ = {
			isa = PBXTargetDependency;
			target = A512BBCD2258F7DD00F6C4B5 /* a Lodjinha */;
			targetProxy = A512BBE32258F7E000F6C4B5 /* PBXContainerItemProxy */;
		};
		A512BBEF2258F7E000F6C4B5 /* PBXTargetDependency */ = {
			isa = PBXTargetDependency;
			target = A512BBCD2258F7DD00F6C4B5 /* a Lodjinha */;
			targetProxy = A512BBEE2258F7E000F6C4B5 /* PBXContainerItemProxy */;
		};
/* End PBXTargetDependency section */

/* Begin PBXVariantGroup section */
		A512BBD52258F7DD00F6C4B5 /* Main.storyboard */ = {
			isa = PBXVariantGroup;
			children = (
				A512BBD62258F7DD00F6C4B5 /* Base */,
			);
			name = Main.storyboard;
			sourceTree = "<group>";
		};
		A512BBDA2258F7E000F6C4B5 /* LaunchScreen.storyboard */ = {
			isa = PBXVariantGroup;
			children = (
				A512BBDB2258F7E000F6C4B5 /* Base */,
			);
			name = LaunchScreen.storyboard;
			sourceTree = "<group>";
		};
/* End PBXVariantGroup section */

/* Begin XCBuildConfiguration section */
		A512BBF42258F7E000F6C4B5 /* Debug */ = {
			isa = XCBuildConfiguration;
			buildSettings = {
				ALWAYS_SEARCH_USER_PATHS = NO;
				CLANG_ANALYZER_NONNULL = YES;
				CLANG_ANALYZER_NUMBER_OBJECT_CONVERSION = YES_AGGRESSIVE;
				CLANG_CXX_LANGUAGE_STANDARD = "gnu++14";
				CLANG_CXX_LIBRARY = "libc++";
				CLANG_ENABLE_MODULES = YES;
				CLANG_ENABLE_OBJC_ARC = YES;
				CLANG_ENABLE_OBJC_WEAK = YES;
				CLANG_WARN_BLOCK_CAPTURE_AUTORELEASING = YES;
				CLANG_WARN_BOOL_CONVERSION = YES;
				CLANG_WARN_COMMA = YES;
				CLANG_WARN_CONSTANT_CONVERSION = YES;
				CLANG_WARN_DEPRECATED_OBJC_IMPLEMENTATIONS = YES;
				CLANG_WARN_DIRECT_OBJC_ISA_USAGE = YES_ERROR;
				CLANG_WARN_DOCUMENTATION_COMMENTS = YES;
				CLANG_WARN_EMPTY_BODY = YES;
				CLANG_WARN_ENUM_CONVERSION = YES;
				CLANG_WARN_INFINITE_RECURSION = YES;
				CLANG_WARN_INT_CONVERSION = YES;
				CLANG_WARN_NON_LITERAL_NULL_CONVERSION = YES;
				CLANG_WARN_OBJC_IMPLICIT_RETAIN_SELF = YES;
				CLANG_WARN_OBJC_LITERAL_CONVERSION = YES;
				CLANG_WARN_OBJC_ROOT_CLASS = YES_ERROR;
				CLANG_WARN_RANGE_LOOP_ANALYSIS = YES;
				CLANG_WARN_STRICT_PROTOTYPES = YES;
				CLANG_WARN_SUSPICIOUS_MOVE = YES;
				CLANG_WARN_UNGUARDED_AVAILABILITY = YES_AGGRESSIVE;
				CLANG_WARN_UNREACHABLE_CODE = YES;
				CLANG_WARN__DUPLICATE_METHOD_MATCH = YES;
				CODE_SIGN_IDENTITY = "iPhone Developer";
				COPY_PHASE_STRIP = NO;
				DEBUG_INFORMATION_FORMAT = dwarf;
				ENABLE_STRICT_OBJC_MSGSEND = YES;
				ENABLE_TESTABILITY = YES;
				GCC_C_LANGUAGE_STANDARD = gnu11;
				GCC_DYNAMIC_NO_PIC = NO;
				GCC_NO_COMMON_BLOCKS = YES;
				GCC_OPTIMIZATION_LEVEL = 0;
				GCC_PREPROCESSOR_DEFINITIONS = (
					"DEBUG=1",
					"$(inherited)",
				);
				GCC_WARN_64_TO_32_BIT_CONVERSION = YES;
				GCC_WARN_ABOUT_RETURN_TYPE = YES_ERROR;
				GCC_WARN_UNDECLARED_SELECTOR = YES;
				GCC_WARN_UNINITIALIZED_AUTOS = YES_AGGRESSIVE;
				GCC_WARN_UNUSED_FUNCTION = YES;
				GCC_WARN_UNUSED_VARIABLE = YES;
				IPHONEOS_DEPLOYMENT_TARGET = 12.2;
				MTL_ENABLE_DEBUG_INFO = INCLUDE_SOURCE;
				MTL_FAST_MATH = YES;
				ONLY_ACTIVE_ARCH = YES;
				SDKROOT = iphoneos;
				SWIFT_ACTIVE_COMPILATION_CONDITIONS = DEBUG;
				SWIFT_OPTIMIZATION_LEVEL = "-Onone";
			};
			name = Debug;
		};
		A512BBF52258F7E000F6C4B5 /* Release */ = {
			isa = XCBuildConfiguration;
			buildSettings = {
				ALWAYS_SEARCH_USER_PATHS = NO;
				CLANG_ANALYZER_NONNULL = YES;
				CLANG_ANALYZER_NUMBER_OBJECT_CONVERSION = YES_AGGRESSIVE;
				CLANG_CXX_LANGUAGE_STANDARD = "gnu++14";
				CLANG_CXX_LIBRARY = "libc++";
				CLANG_ENABLE_MODULES = YES;
				CLANG_ENABLE_OBJC_ARC = YES;
				CLANG_ENABLE_OBJC_WEAK = YES;
				CLANG_WARN_BLOCK_CAPTURE_AUTORELEASING = YES;
				CLANG_WARN_BOOL_CONVERSION = YES;
				CLANG_WARN_COMMA = YES;
				CLANG_WARN_CONSTANT_CONVERSION = YES;
				CLANG_WARN_DEPRECATED_OBJC_IMPLEMENTATIONS = YES;
				CLANG_WARN_DIRECT_OBJC_ISA_USAGE = YES_ERROR;
				CLANG_WARN_DOCUMENTATION_COMMENTS = YES;
				CLANG_WARN_EMPTY_BODY = YES;
				CLANG_WARN_ENUM_CONVERSION = YES;
				CLANG_WARN_INFINITE_RECURSION = YES;
				CLANG_WARN_INT_CONVERSION = YES;
				CLANG_WARN_NON_LITERAL_NULL_CONVERSION = YES;
				CLANG_WARN_OBJC_IMPLICIT_RETAIN_SELF = YES;
				CLANG_WARN_OBJC_LITERAL_CONVERSION = YES;
				CLANG_WARN_OBJC_ROOT_CLASS = YES_ERROR;
				CLANG_WARN_RANGE_LOOP_ANALYSIS = YES;
				CLANG_WARN_STRICT_PROTOTYPES = YES;
				CLANG_WARN_SUSPICIOUS_MOVE = YES;
				CLANG_WARN_UNGUARDED_AVAILABILITY = YES_AGGRESSIVE;
				CLANG_WARN_UNREACHABLE_CODE = YES;
				CLANG_WARN__DUPLICATE_METHOD_MATCH = YES;
				CODE_SIGN_IDENTITY = "iPhone Developer";
				COPY_PHASE_STRIP = NO;
				DEBUG_INFORMATION_FORMAT = "dwarf-with-dsym";
				ENABLE_NS_ASSERTIONS = NO;
				ENABLE_STRICT_OBJC_MSGSEND = YES;
				GCC_C_LANGUAGE_STANDARD = gnu11;
				GCC_NO_COMMON_BLOCKS = YES;
				GCC_WARN_64_TO_32_BIT_CONVERSION = YES;
				GCC_WARN_ABOUT_RETURN_TYPE = YES_ERROR;
				GCC_WARN_UNDECLARED_SELECTOR = YES;
				GCC_WARN_UNINITIALIZED_AUTOS = YES_AGGRESSIVE;
				GCC_WARN_UNUSED_FUNCTION = YES;
				GCC_WARN_UNUSED_VARIABLE = YES;
				IPHONEOS_DEPLOYMENT_TARGET = 12.2;
				MTL_ENABLE_DEBUG_INFO = NO;
				MTL_FAST_MATH = YES;
				SDKROOT = iphoneos;
				SWIFT_COMPILATION_MODE = wholemodule;
				SWIFT_OPTIMIZATION_LEVEL = "-O";
				VALIDATE_PRODUCT = YES;
			};
			name = Release;
		};
		A512BBF72258F7E000F6C4B5 /* Debug */ = {
			isa = XCBuildConfiguration;
			baseConfigurationReference = 39A11E7D3A285A3E556917E3 /* Pods-a Lodjinha.debug.xcconfig */;
			buildSettings = {
				ASSETCATALOG_COMPILER_APPICON_NAME = AppIcon;
				CODE_SIGN_STYLE = Automatic;
				DEVELOPMENT_TEAM = QFBQKUXF53;
				INFOPLIST_FILE = "a Lodjinha/Info.plist";
				LD_RUNPATH_SEARCH_PATHS = (
					"$(inherited)",
					"@executable_path/Frameworks",
				);
				PRODUCT_BUNDLE_IDENTIFIER = "br.com.dynararico.a-Lodjinha";
				PRODUCT_NAME = "$(TARGET_NAME)";
				SWIFT_VERSION = 5.0;
				TARGETED_DEVICE_FAMILY = "1,2";
			};
			name = Debug;
		};
		A512BBF82258F7E000F6C4B5 /* Release */ = {
			isa = XCBuildConfiguration;
			baseConfigurationReference = 8B95627509E6CE3963A32919 /* Pods-a Lodjinha.release.xcconfig */;
			buildSettings = {
				ASSETCATALOG_COMPILER_APPICON_NAME = AppIcon;
				CODE_SIGN_STYLE = Automatic;
				DEVELOPMENT_TEAM = QFBQKUXF53;
				INFOPLIST_FILE = "a Lodjinha/Info.plist";
				LD_RUNPATH_SEARCH_PATHS = (
					"$(inherited)",
					"@executable_path/Frameworks",
				);
				PRODUCT_BUNDLE_IDENTIFIER = "br.com.dynararico.a-Lodjinha";
				PRODUCT_NAME = "$(TARGET_NAME)";
				SWIFT_VERSION = 5.0;
				TARGETED_DEVICE_FAMILY = "1,2";
			};
			name = Release;
		};
		A512BBFA2258F7E000F6C4B5 /* Debug */ = {
			isa = XCBuildConfiguration;
			baseConfigurationReference = 53D9AF511F4BEA7EEA5C0A95 /* Pods-a LodjinhaTests.debug.xcconfig */;
			buildSettings = {
				ALWAYS_EMBED_SWIFT_STANDARD_LIBRARIES = YES;
				BUNDLE_LOADER = "$(TEST_HOST)";
				CODE_SIGN_STYLE = Automatic;
				DEVELOPMENT_TEAM = QFBQKUXF53;
				INFOPLIST_FILE = "a LodjinhaTests/Info.plist";
				LD_RUNPATH_SEARCH_PATHS = (
					"$(inherited)",
					"@executable_path/Frameworks",
					"@loader_path/Frameworks",
				);
				PRODUCT_BUNDLE_IDENTIFIER = "br.com.dynararico.a-LodjinhaTests";
				PRODUCT_NAME = "$(TARGET_NAME)";
				SWIFT_VERSION = 5.0;
				TARGETED_DEVICE_FAMILY = "1,2";
				TEST_HOST = "$(BUILT_PRODUCTS_DIR)/a Lodjinha.app/a Lodjinha";
			};
			name = Debug;
		};
		A512BBFB2258F7E000F6C4B5 /* Release */ = {
			isa = XCBuildConfiguration;
			baseConfigurationReference = D2970EBFAD5E3DB66118F10A /* Pods-a LodjinhaTests.release.xcconfig */;
			buildSettings = {
				ALWAYS_EMBED_SWIFT_STANDARD_LIBRARIES = YES;
				BUNDLE_LOADER = "$(TEST_HOST)";
				CODE_SIGN_STYLE = Automatic;
				DEVELOPMENT_TEAM = QFBQKUXF53;
				INFOPLIST_FILE = "a LodjinhaTests/Info.plist";
				LD_RUNPATH_SEARCH_PATHS = (
					"$(inherited)",
					"@executable_path/Frameworks",
					"@loader_path/Frameworks",
				);
				PRODUCT_BUNDLE_IDENTIFIER = "br.com.dynararico.a-LodjinhaTests";
				PRODUCT_NAME = "$(TARGET_NAME)";
				SWIFT_VERSION = 5.0;
				TARGETED_DEVICE_FAMILY = "1,2";
				TEST_HOST = "$(BUILT_PRODUCTS_DIR)/a Lodjinha.app/a Lodjinha";
			};
			name = Release;
		};
		A512BBFD2258F7E000F6C4B5 /* Debug */ = {
			isa = XCBuildConfiguration;
			baseConfigurationReference = E644863EB9C791A1945566E1 /* Pods-a LodjinhaUITests.debug.xcconfig */;
			buildSettings = {
				ALWAYS_EMBED_SWIFT_STANDARD_LIBRARIES = YES;
				CODE_SIGN_STYLE = Automatic;
				DEVELOPMENT_TEAM = QFBQKUXF53;
				INFOPLIST_FILE = "a LodjinhaUITests/Info.plist";
				LD_RUNPATH_SEARCH_PATHS = (
					"$(inherited)",
					"@executable_path/Frameworks",
					"@loader_path/Frameworks",
				);
				PRODUCT_BUNDLE_IDENTIFIER = "br.com.dynararico.a-LodjinhaUITests";
				PRODUCT_NAME = "$(TARGET_NAME)";
				SWIFT_VERSION = 5.0;
				TARGETED_DEVICE_FAMILY = "1,2";
				TEST_TARGET_NAME = "a Lodjinha";
			};
			name = Debug;
		};
		A512BBFE2258F7E000F6C4B5 /* Release */ = {
			isa = XCBuildConfiguration;
			baseConfigurationReference = A609826F0A6D140E20BE5134 /* Pods-a LodjinhaUITests.release.xcconfig */;
			buildSettings = {
				ALWAYS_EMBED_SWIFT_STANDARD_LIBRARIES = YES;
				CODE_SIGN_STYLE = Automatic;
				DEVELOPMENT_TEAM = QFBQKUXF53;
				INFOPLIST_FILE = "a LodjinhaUITests/Info.plist";
				LD_RUNPATH_SEARCH_PATHS = (
					"$(inherited)",
					"@executable_path/Frameworks",
					"@loader_path/Frameworks",
				);
				PRODUCT_BUNDLE_IDENTIFIER = "br.com.dynararico.a-LodjinhaUITests";
				PRODUCT_NAME = "$(TARGET_NAME)";
				SWIFT_VERSION = 5.0;
				TARGETED_DEVICE_FAMILY = "1,2";
				TEST_TARGET_NAME = "a Lodjinha";
			};
			name = Release;
		};
/* End XCBuildConfiguration section */

/* Begin XCConfigurationList section */
		A512BBC92258F7DD00F6C4B5 /* Build configuration list for PBXProject "a Lodjinha" */ = {
			isa = XCConfigurationList;
			buildConfigurations = (
				A512BBF42258F7E000F6C4B5 /* Debug */,
				A512BBF52258F7E000F6C4B5 /* Release */,
			);
			defaultConfigurationIsVisible = 0;
			defaultConfigurationName = Release;
		};
		A512BBF62258F7E000F6C4B5 /* Build configuration list for PBXNativeTarget "a Lodjinha" */ = {
			isa = XCConfigurationList;
			buildConfigurations = (
				A512BBF72258F7E000F6C4B5 /* Debug */,
				A512BBF82258F7E000F6C4B5 /* Release */,
			);
			defaultConfigurationIsVisible = 0;
			defaultConfigurationName = Release;
		};
		A512BBF92258F7E000F6C4B5 /* Build configuration list for PBXNativeTarget "a LodjinhaTests" */ = {
			isa = XCConfigurationList;
			buildConfigurations = (
				A512BBFA2258F7E000F6C4B5 /* Debug */,
				A512BBFB2258F7E000F6C4B5 /* Release */,
			);
			defaultConfigurationIsVisible = 0;
			defaultConfigurationName = Release;
		};
		A512BBFC2258F7E000F6C4B5 /* Build configuration list for PBXNativeTarget "a LodjinhaUITests" */ = {
			isa = XCConfigurationList;
			buildConfigurations = (
				A512BBFD2258F7E000F6C4B5 /* Debug */,
				A512BBFE2258F7E000F6C4B5 /* Release */,
			);
			defaultConfigurationIsVisible = 0;
			defaultConfigurationName = Release;
		};
/* End XCConfigurationList section */
	};
	rootObject = A512BBC62258F7DD00F6C4B5 /* Project object */;
}
